
Microsoft Visual Studio Solution File, Format Version 12.00
# Visual Studio Version 16
VisualStudioVersion = 16.0.30611.23
MinimumVisualStudioVersion = 10.0.40219.1
Project("{FAE04EC0-301F-11D3-BF4B-00C04F79EFBC}") = "Interfaces", "Interfaces\Interfaces.csproj", "{AFCAEF9F-0092-4F51-9FB0-2219C75A5505}"
EndProject
Project("{FAE04EC0-301F-11D3-BF4B-00C04F79EFBC}") = "InterfacesDemo", "InterfacesDemo\InterfacesDemo.csproj", "{1E88FA34-6FAD-45FE-96C0-17FE50846B8E}"
EndProject
Project("{FAE04EC0-301F-11D3-BF4B-00C04F79EFBC}") = "Inheritance", "Inheritance\Inheritance.csproj", "{8196466B-0658-4D0E-A347-FB48427077F9}"
EndProject
Project("{FAE04EC0-301F-11D3-BF4B-00C04F79EFBC}") = "VirtualMethods", "VirtualMethods\VirtualMethods.csproj", "{BF0E42E3-DFA2-4602-8195-3840450C1572}"
EndProject
Project("{FAE04EC0-301F-11D3-BF4B-00C04F79EFBC}") = "AbstractClass", "AbstractClass\AbstractClass.csproj", "{CA3E6BA6-B28A-4FAC-A4EF-B9AD1B3EF431}"
EndProject
Project("{FAE04EC0-301F-11D3-BF4B-00C04F79EFBC}") = "Constructors", "Constructors\Constructors.csproj", "{7F2718B5-CC73-41C0-BD48-956773EAF26F}"
EndProject
Project("{FAE04EC0-301F-11D3-BF4B-00C04F79EFBC}") = "Collections", "Collections\Collections.csproj", "{5DCBB35C-9F38-4738-A367-36DF0FCF1670}"
EndProject
Project("{FAE04EC0-301F-11D3-BF4B-00C04F79EFBC}") = "TypeAndVariables", "TypeAndVariables\TypeAndVariables.csproj", "{CBE54F4E-AE8D-45E6-9687-D0D64FF276A3}"
EndProject
Project("{FAE04EC0-301F-11D3-BF4B-00C04F79EFBC}") = "Conditionals_If", "Conditionals\Conditionals_If.csproj", "{F2DB3131-8057-4447-ABA7-68EEEB2702E5}"
EndProject
Project("{FAE04EC0-301F-11D3-BF4B-00C04F79EFBC}") = "Conditionals_Switch", "Conditionals_Switch\Conditionals_Switch.csproj", "{5011C912-7EAF-45F0-8FC0-AEBE18A2E054}"
EndProject
Project("{FAE04EC0-301F-11D3-BF4B-00C04F79EFBC}") = "Conditionals_Exam", "Conditionals_Exam\Conditionals_Exam.csproj", "{890DCB68-F396-4104-9062-0C7ADF247D19}"
EndProject
Project("{FAE04EC0-301F-11D3-BF4B-00C04F79EFBC}") = "Enums", "Enums\Enums.csproj", "{70CB7C13-3BF4-4CEA-8E60-5E1D95DAF29F}"
EndProject
Project("{FAE04EC0-301F-11D3-BF4B-00C04F79EFBC}") = "Methods", "Methods\Methods.csproj", "{9085D54E-CBEC-4D0F-90B0-F72AC7CD4EEB}"
EndProject
Project("{FAE04EC0-301F-11D3-BF4B-00C04F79EFBC}") = "Arrays", "Arrays\Arrays.csproj", "{07BF0F46-A314-48C5-8E08-EFA69869DA2C}"
EndProject
Project("{FAE04EC0-301F-11D3-BF4B-00C04F79EFBC}") = "Loops", "Loops\Loops.csproj", "{E99BA35B-4105-490C-8DF4-398567310283}"
EndProject
Project("{FAE04EC0-301F-11D3-BF4B-00C04F79EFBC}") = "LoopExamples", "LoopExamples\LoopExamples.csproj", "{30D51CB3-D52F-4120-96E8-8BB123D8D78E}"
EndProject
Project("{FAE04EC0-301F-11D3-BF4B-00C04F79EFBC}") = "Strings", "Strings\Strings.csproj", "{34C08A8C-2416-46D8-87CA-1D90F9AFA340}"
EndProject
Project("{FAE04EC0-301F-11D3-BF4B-00C04F79EFBC}") = "Classes", "Classes\Classes.csproj", "{800AE280-782C-40F3-9B53-F9DBAFCE050A}"
EndProject
Project("{FAE04EC0-301F-11D3-BF4B-00C04F79EFBC}") = "CheckerBoard", "CheckerBoard\CheckerBoard.csproj", "{7DC4C846-A845-4106-8840-F34266C0D029}"
EndProject
Project("{FAE04EC0-301F-11D3-BF4B-00C04F79EFBC}") = "RecapDemo2", "RecapDemo2\RecapDemo2.csproj", "{8B03FEE7-3917-4D2B-9AE1-C6C7254B240B}"
EndProject
Project("{FAE04EC0-301F-11D3-BF4B-00C04F79EFBC}") = "Exceptions", "Exceptions\Exceptions.csproj", "{2A978E20-4B8F-4630-B284-7B1EF3CF3A93}"
EndProject
Global
	GlobalSection(SolutionConfigurationPlatforms) = preSolution
		Debug|Any CPU = Debug|Any CPU
		Release|Any CPU = Release|Any CPU
	EndGlobalSection
	GlobalSection(ProjectConfigurationPlatforms) = postSolution
		{AFCAEF9F-0092-4F51-9FB0-2219C75A5505}.Debug|Any CPU.ActiveCfg = Debug|Any CPU
		{AFCAEF9F-0092-4F51-9FB0-2219C75A5505}.Debug|Any CPU.Build.0 = Debug|Any CPU
		{AFCAEF9F-0092-4F51-9FB0-2219C75A5505}.Release|Any CPU.ActiveCfg = Release|Any CPU
		{AFCAEF9F-0092-4F51-9FB0-2219C75A5505}.Release|Any CPU.Build.0 = Release|Any CPU
		{1E88FA34-6FAD-45FE-96C0-17FE50846B8E}.Debug|Any CPU.ActiveCfg = Debug|Any CPU
		{1E88FA34-6FAD-45FE-96C0-17FE50846B8E}.Debug|Any CPU.Build.0 = Debug|Any CPU
		{1E88FA34-6FAD-45FE-96C0-17FE50846B8E}.Release|Any CPU.ActiveCfg = Release|Any CPU
		{1E88FA34-6FAD-45FE-96C0-17FE50846B8E}.Release|Any CPU.Build.0 = Release|Any CPU
		{8196466B-0658-4D0E-A347-FB48427077F9}.Debug|Any CPU.ActiveCfg = Debug|Any CPU
		{8196466B-0658-4D0E-A347-FB48427077F9}.Debug|Any CPU.Build.0 = Debug|Any CPU
		{8196466B-0658-4D0E-A347-FB48427077F9}.Release|Any CPU.ActiveCfg = Release|Any CPU
		{8196466B-0658-4D0E-A347-FB48427077F9}.Release|Any CPU.Build.0 = Release|Any CPU
		{BF0E42E3-DFA2-4602-8195-3840450C1572}.Debug|Any CPU.ActiveCfg = Debug|Any CPU
		{BF0E42E3-DFA2-4602-8195-3840450C1572}.Debug|Any CPU.Build.0 = Debug|Any CPU
		{BF0E42E3-DFA2-4602-8195-3840450C1572}.Release|Any CPU.ActiveCfg = Release|Any CPU
		{BF0E42E3-DFA2-4602-8195-3840450C1572}.Release|Any CPU.Build.0 = Release|Any CPU
		{CA3E6BA6-B28A-4FAC-A4EF-B9AD1B3EF431}.Debug|Any CPU.ActiveCfg = Debug|Any CPU
		{CA3E6BA6-B28A-4FAC-A4EF-B9AD1B3EF431}.Debug|Any CPU.Build.0 = Debug|Any CPU
		{CA3E6BA6-B28A-4FAC-A4EF-B9AD1B3EF431}.Release|Any CPU.ActiveCfg = Release|Any CPU
		{CA3E6BA6-B28A-4FAC-A4EF-B9AD1B3EF431}.Release|Any CPU.Build.0 = Release|Any CPU
		{7F2718B5-CC73-41C0-BD48-956773EAF26F}.Debug|Any CPU.ActiveCfg = Debug|Any CPU
		{7F2718B5-CC73-41C0-BD48-956773EAF26F}.Debug|Any CPU.Build.0 = Debug|Any CPU
		{7F2718B5-CC73-41C0-BD48-956773EAF26F}.Release|Any CPU.ActiveCfg = Release|Any CPU
		{7F2718B5-CC73-41C0-BD48-956773EAF26F}.Release|Any CPU.Build.0 = Release|Any CPU
		{5DCBB35C-9F38-4738-A367-36DF0FCF1670}.Debug|Any CPU.ActiveCfg = Debug|Any CPU
		{5DCBB35C-9F38-4738-A367-36DF0FCF1670}.Debug|Any CPU.Build.0 = Debug|Any CPU
		{5DCBB35C-9F38-4738-A367-36DF0FCF1670}.Release|Any CPU.ActiveCfg = Release|Any CPU
		{5DCBB35C-9F38-4738-A367-36DF0FCF1670}.Release|Any CPU.Build.0 = Release|Any CPU
		{CBE54F4E-AE8D-45E6-9687-D0D64FF276A3}.Debug|Any CPU.ActiveCfg = Debug|Any CPU
		{CBE54F4E-AE8D-45E6-9687-D0D64FF276A3}.Debug|Any CPU.Build.0 = Debug|Any CPU
		{CBE54F4E-AE8D-45E6-9687-D0D64FF276A3}.Release|Any CPU.ActiveCfg = Release|Any CPU
		{CBE54F4E-AE8D-45E6-9687-D0D64FF276A3}.Release|Any CPU.Build.0 = Release|Any CPU
		{F2DB3131-8057-4447-ABA7-68EEEB2702E5}.Debug|Any CPU.ActiveCfg = Debug|Any CPU
		{F2DB3131-8057-4447-ABA7-68EEEB2702E5}.Debug|Any CPU.Build.0 = Debug|Any CPU
		{F2DB3131-8057-4447-ABA7-68EEEB2702E5}.Release|Any CPU.ActiveCfg = Release|Any CPU
		{F2DB3131-8057-4447-ABA7-68EEEB2702E5}.Release|Any CPU.Build.0 = Release|Any CPU
		{5011C912-7EAF-45F0-8FC0-AEBE18A2E054}.Debug|Any CPU.ActiveCfg = Debug|Any CPU
		{5011C912-7EAF-45F0-8FC0-AEBE18A2E054}.Debug|Any CPU.Build.0 = Debug|Any CPU
		{5011C912-7EAF-45F0-8FC0-AEBE18A2E054}.Release|Any CPU.ActiveCfg = Release|Any CPU
		{5011C912-7EAF-45F0-8FC0-AEBE18A2E054}.Release|Any CPU.Build.0 = Release|Any CPU
		{890DCB68-F396-4104-9062-0C7ADF247D19}.Debug|Any CPU.ActiveCfg = Debug|Any CPU
		{890DCB68-F396-4104-9062-0C7ADF247D19}.Debug|Any CPU.Build.0 = Debug|Any CPU
		{890DCB68-F396-4104-9062-0C7ADF247D19}.Release|Any CPU.ActiveCfg = Release|Any CPU
		{890DCB68-F396-4104-9062-0C7ADF247D19}.Release|Any CPU.Build.0 = Release|Any CPU
		{70CB7C13-3BF4-4CEA-8E60-5E1D95DAF29F}.Debug|Any CPU.ActiveCfg = Debug|Any CPU
		{70CB7C13-3BF4-4CEA-8E60-5E1D95DAF29F}.Debug|Any CPU.Build.0 = Debug|Any CPU
		{70CB7C13-3BF4-4CEA-8E60-5E1D95DAF29F}.Release|Any CPU.ActiveCfg = Release|Any CPU
		{70CB7C13-3BF4-4CEA-8E60-5E1D95DAF29F}.Release|Any CPU.Build.0 = Release|Any CPU
		{9085D54E-CBEC-4D0F-90B0-F72AC7CD4EEB}.Debug|Any CPU.ActiveCfg = Debug|Any CPU
		{9085D54E-CBEC-4D0F-90B0-F72AC7CD4EEB}.Debug|Any CPU.Build.0 = Debug|Any CPU
		{9085D54E-CBEC-4D0F-90B0-F72AC7CD4EEB}.Release|Any CPU.ActiveCfg = Release|Any CPU
		{9085D54E-CBEC-4D0F-90B0-F72AC7CD4EEB}.Release|Any CPU.Build.0 = Release|Any CPU
		{07BF0F46-A314-48C5-8E08-EFA69869DA2C}.Debug|Any CPU.ActiveCfg = Debug|Any CPU
		{07BF0F46-A314-48C5-8E08-EFA69869DA2C}.Debug|Any CPU.Build.0 = Debug|Any CPU
		{07BF0F46-A314-48C5-8E08-EFA69869DA2C}.Release|Any CPU.ActiveCfg = Release|Any CPU
		{07BF0F46-A314-48C5-8E08-EFA69869DA2C}.Release|Any CPU.Build.0 = Release|Any CPU
		{E99BA35B-4105-490C-8DF4-398567310283}.Debug|Any CPU.ActiveCfg = Debug|Any CPU
		{E99BA35B-4105-490C-8DF4-398567310283}.Debug|Any CPU.Build.0 = Debug|Any CPU
		{E99BA35B-4105-490C-8DF4-398567310283}.Release|Any CPU.ActiveCfg = Release|Any CPU
		{E99BA35B-4105-490C-8DF4-398567310283}.Release|Any CPU.Build.0 = Release|Any CPU
		{30D51CB3-D52F-4120-96E8-8BB123D8D78E}.Debug|Any CPU.ActiveCfg = Debug|Any CPU
		{30D51CB3-D52F-4120-96E8-8BB123D8D78E}.Debug|Any CPU.Build.0 = Debug|Any CPU
		{30D51CB3-D52F-4120-96E8-8BB123D8D78E}.Release|Any CPU.ActiveCfg = Release|Any CPU
		{30D51CB3-D52F-4120-96E8-8BB123D8D78E}.Release|Any CPU.Build.0 = Release|Any CPU
		{34C08A8C-2416-46D8-87CA-1D90F9AFA340}.Debug|Any CPU.ActiveCfg = Debug|Any CPU
		{34C08A8C-2416-46D8-87CA-1D90F9AFA340}.Debug|Any CPU.Build.0 = Debug|Any CPU
		{34C08A8C-2416-46D8-87CA-1D90F9AFA340}.Release|Any CPU.ActiveCfg = Release|Any CPU
		{34C08A8C-2416-46D8-87CA-1D90F9AFA340}.Release|Any CPU.Build.0 = Release|Any CPU
		{800AE280-782C-40F3-9B53-F9DBAFCE050A}.Debug|Any CPU.ActiveCfg = Debug|Any CPU
		{800AE280-782C-40F3-9B53-F9DBAFCE050A}.Debug|Any CPU.Build.0 = Debug|Any CPU
		{800AE280-782C-40F3-9B53-F9DBAFCE050A}.Release|Any CPU.ActiveCfg = Release|Any CPU
		{800AE280-782C-40F3-9B53-F9DBAFCE050A}.Release|Any CPU.Build.0 = Release|Any CPU
		{7DC4C846-A845-4106-8840-F34266C0D029}.Debug|Any CPU.ActiveCfg = Debug|Any CPU
		{7DC4C846-A845-4106-8840-F34266C0D029}.Debug|Any CPU.Build.0 = Debug|Any CPU
		{7DC4C846-A845-4106-8840-F34266C0D029}.Release|Any CPU.ActiveCfg = Release|Any CPU
		{7DC4C846-A845-4106-8840-F34266C0D029}.Release|Any CPU.Build.0 = Release|Any CPU
		{8B03FEE7-3917-4D2B-9AE1-C6C7254B240B}.Debug|Any CPU.ActiveCfg = Debug|Any CPU
		{8B03FEE7-3917-4D2B-9AE1-C6C7254B240B}.Debug|Any CPU.Build.0 = Debug|Any CPU
		{8B03FEE7-3917-4D2B-9AE1-C6C7254B240B}.Release|Any CPU.ActiveCfg = Release|Any CPU
		{8B03FEE7-3917-4D2B-9AE1-C6C7254B240B}.Release|Any CPU.Build.0 = Release|Any CPU
		{2A978E20-4B8F-4630-B284-7B1EF3CF3A93}.Debug|Any CPU.ActiveCfg = Debug|Any CPU
		{2A978E20-4B8F-4630-B284-7B1EF3CF3A93}.Debug|Any CPU.Build.0 = Debug|Any CPU
		{2A978E20-4B8F-4630-B284-7B1EF3CF3A93}.Release|Any CPU.ActiveCfg = Release|Any CPU
		{2A978E20-4B8F-4630-B284-7B1EF3CF3A93}.Release|Any CPU.Build.0 = Release|Any CPU
	EndGlobalSection
	GlobalSection(SolutionProperties) = preSolution
		HideSolutionNode = FALSE
	EndGlobalSection
	GlobalSection(ExtensibilityGlobals) = postSolution
		SolutionGuid = {3B028065-8D6A-4308-B399-70FEF0CAFDA0}
	EndGlobalSection
EndGlobal
